
Microsoft Visual Studio Solution File, Format Version 12.00
# Visual Studio Version 16
VisualStudioVersion = 16.0.31702.278
MinimumVisualStudioVersion = 10.0.40219.1
Project("{FAE04EC0-301F-11D3-BF4B-00C04F79EFBC}") = "MVC-Movies", "MVC-Movies.csproj", "{0F5E7E40-789B-4BC6-8AF3-24D18882C695}"
EndProject
Global
	GlobalSection(SolutionConfigurationPlatforms) = preSolution
		Debug|Any CPU = Debug|Any CPU
		Release|Any CPU = Release|Any CPU
	EndGlobalSection
	GlobalSection(ProjectConfigurationPlatforms) = postSolution
		{0F5E7E40-789B-4BC6-8AF3-24D18882C695}.Debug|Any CPU.ActiveCfg = Debug|Any CPU
		{0F5E7E40-789B-4BC6-8AF3-24D18882C695}.Debug|Any CPU.Build.0 = Debug|Any CPU
		{0F5E7E40-789B-4BC6-8AF3-24D18882C695}.Release|Any CPU.ActiveCfg = Release|Any CPU
		{0F5E7E40-789B-4BC6-8AF3-24D18882C695}.Release|Any CPU.Build.0 = Release|Any CPU
	EndGlobalSection
	GlobalSection(SolutionProperties) = preSolution
		HideSolutionNode = FALSE
	EndGlobalSection
	GlobalSection(ExtensibilityGlobals) = postSolution
		SolutionGuid = {16BE3DB4-2274-4C87-BED7-B684C0ED6D12}
	EndGlobalSection
EndGlobal
